
Microsoft Visual Studio Solution File, Format Version 12.00
# Visual Studio Version 17
VisualStudioVersion = 17.7.34009.444
MinimumVisualStudioVersion = 10.0.40219.1
Project("{FAE04EC0-301F-11D3-BF4B-00C04F79EFBC}") = "AecApi", "AecApi\AecApi.csproj", "{EE214A93-2D33-433C-8D8D-1CE408063841}"
EndProject
Global
	GlobalSection(SolutionConfigurationPlatforms) = preSolution
		Debug|Any CPU = Debug|Any CPU
		Release|Any CPU = Release|Any CPU
	EndGlobalSection
	GlobalSection(ProjectConfigurationPlatforms) = postSolution
		{EE214A93-2D33-433C-8D8D-1CE408063841}.Debug|Any CPU.ActiveCfg = Debug|Any CPU
		{EE214A93-2D33-433C-8D8D-1CE408063841}.Debug|Any CPU.Build.0 = Debug|Any CPU
		{EE214A93-2D33-433C-8D8D-1CE408063841}.Release|Any CPU.ActiveCfg = Release|Any CPU
		{EE214A93-2D33-433C-8D8D-1CE408063841}.Release|Any CPU.Build.0 = Release|Any CPU
	EndGlobalSection
	GlobalSection(SolutionProperties) = preSolution
		HideSolutionNode = FALSE
	EndGlobalSection
	GlobalSection(ExtensibilityGlobals) = postSolution
		SolutionGuid = {C83B6130-EA94-4BE4-A922-8B38E0A2089A}
	EndGlobalSection
EndGlobal
